// !$*UTF8*$!
{
	archiveVersion = 1;
	classes = {
	};
	objectVersion = 52;
	objects = {

/* Begin PBXBuildFile section */
		FA2BD27526B92EC9002C54D5 /* ResponseCodableTests.swift in Sources */ = {isa = PBXBuildFile; fileRef = FA2BD27426B92EC9002C54D5 /* ResponseCodableTests.swift */; };
		FA2BD27726B941E9002C54D5 /* RegistrationTest.swift in Sources */ = {isa = PBXBuildFile; fileRef = FA2BD27626B941E9002C54D5 /* RegistrationTest.swift */; };
		FA2BD27926B943D1002C54D5 /* ChageUserDataTest.swift in Sources */ = {isa = PBXBuildFile; fileRef = FA2BD27826B943D1002C54D5 /* ChageUserDataTest.swift */; };
		FA2BD27B26B949F9002C54D5 /* ListProductsResult.swift in Sources */ = {isa = PBXBuildFile; fileRef = FA2BD27A26B949F9002C54D5 /* ListProductsResult.swift */; };
		FA2BD27D26B94BE8002C54D5 /* ListProducts.swift in Sources */ = {isa = PBXBuildFile; fileRef = FA2BD27C26B94BE8002C54D5 /* ListProducts.swift */; };
		FA2BD27F26B94C43002C54D5 /* ListProductsRequestFactory.swift in Sources */ = {isa = PBXBuildFile; fileRef = FA2BD27E26B94C43002C54D5 /* ListProductsRequestFactory.swift */; };
		FA2BD28126B94FF7002C54D5 /* ListProductsTest.swift in Sources */ = {isa = PBXBuildFile; fileRef = FA2BD28026B94FF7002C54D5 /* ListProductsTest.swift */; };
		FA2BD28326BABA68002C54D5 /* ProductResult.swift in Sources */ = {isa = PBXBuildFile; fileRef = FA2BD28226BABA68002C54D5 /* ProductResult.swift */; };
		FA2BD28526BABBD7002C54D5 /* ProductRequestFactory.swift in Sources */ = {isa = PBXBuildFile; fileRef = FA2BD28426BABBD7002C54D5 /* ProductRequestFactory.swift */; };
		FA2BD28726BABCB9002C54D5 /* GetProduct.swift in Sources */ = {isa = PBXBuildFile; fileRef = FA2BD28626BABCB9002C54D5 /* GetProduct.swift */; };
		FA2BD28926BABE19002C54D5 /* GetProductTest.swift in Sources */ = {isa = PBXBuildFile; fileRef = FA2BD28826BABE19002C54D5 /* GetProductTest.swift */; };
		FA72F39126CE93B2001C5019 /* Settings.swift in Sources */ = {isa = PBXBuildFile; fileRef = FA72F39026CE93B2001C5019 /* Settings.swift */; };
		FA72F39326CFD13C001C5019 /* ListReviewResult.swift in Sources */ = {isa = PBXBuildFile; fileRef = FA72F39226CFD13C001C5019 /* ListReviewResult.swift */; };
		FA72F39526CFD215001C5019 /* ChangeReviewResult.swift in Sources */ = {isa = PBXBuildFile; fileRef = FA72F39426CFD215001C5019 /* ChangeReviewResult.swift */; };
		FA72F39726CFD37B001C5019 /* ChangeReviewRequestFactory.swift in Sources */ = {isa = PBXBuildFile; fileRef = FA72F39626CFD37B001C5019 /* ChangeReviewRequestFactory.swift */; };
		FA72F39926CFD4AE001C5019 /* ChangeReview.swift in Sources */ = {isa = PBXBuildFile; fileRef = FA72F39826CFD4AE001C5019 /* ChangeReview.swift */; };
		FA72F39B26CFD7A8001C5019 /* ListReviewRequestFactory.swift in Sources */ = {isa = PBXBuildFile; fileRef = FA72F39A26CFD7A8001C5019 /* ListReviewRequestFactory.swift */; };
		FA72F39D26CFD872001C5019 /* ListReview.swift in Sources */ = {isa = PBXBuildFile; fileRef = FA72F39C26CFD872001C5019 /* ListReview.swift */; };
		FA72F39F26CFDB66001C5019 /* ChangeReviewTest.swift in Sources */ = {isa = PBXBuildFile; fileRef = FA72F39E26CFDB66001C5019 /* ChangeReviewTest.swift */; };
		FA8AA69226DCD9E7004D9BAD /* ChangeBasketRequestFactory.swift in Sources */ = {isa = PBXBuildFile; fileRef = FA8AA69126DCD9E7004D9BAD /* ChangeBasketRequestFactory.swift */; };
		FA8AA69426DCD9FE004D9BAD /* ChangeBasket.swift in Sources */ = {isa = PBXBuildFile; fileRef = FA8AA69326DCD9FE004D9BAD /* ChangeBasket.swift */; };
		FA8AA69626DCDB9F004D9BAD /* ChangeBasketResult.swift in Sources */ = {isa = PBXBuildFile; fileRef = FA8AA69526DCDB9F004D9BAD /* ChangeBasketResult.swift */; };
		FA8AA69826DCDFE3004D9BAD /* PayBasket.swift in Sources */ = {isa = PBXBuildFile; fileRef = FA8AA69726DCDFE3004D9BAD /* PayBasket.swift */; };
		FA8AA69A26DCE052004D9BAD /* PayBasketRequestFactory.swift in Sources */ = {isa = PBXBuildFile; fileRef = FA8AA69926DCE052004D9BAD /* PayBasketRequestFactory.swift */; };
		FA8AA69C26DCE157004D9BAD /* PayBasketResult.swift in Sources */ = {isa = PBXBuildFile; fileRef = FA8AA69B26DCE157004D9BAD /* PayBasketResult.swift */; };
		FA8AA69E26DCE418004D9BAD /* PayBasketTest.swift in Sources */ = {isa = PBXBuildFile; fileRef = FA8AA69D26DCE418004D9BAD /* PayBasketTest.swift */; };
		FAA4358F26A81ED6002C1340 /* AppDelegate.swift in Sources */ = {isa = PBXBuildFile; fileRef = FAA4358E26A81ED6002C1340 /* AppDelegate.swift */; };
		FAA4359126A81ED6002C1340 /* SceneDelegate.swift in Sources */ = {isa = PBXBuildFile; fileRef = FAA4359026A81ED6002C1340 /* SceneDelegate.swift */; };
		FAA4359826A81ED8002C1340 /* Assets.xcassets in Resources */ = {isa = PBXBuildFile; fileRef = FAA4359726A81ED8002C1340 /* Assets.xcassets */; };
		FAA4359B26A81ED8002C1340 /* LaunchScreen.storyboard in Resources */ = {isa = PBXBuildFile; fileRef = FAA4359926A81ED8002C1340 /* LaunchScreen.storyboard */; };
		FAA435A626A81ED8002C1340 /* AppShopTests.swift in Sources */ = {isa = PBXBuildFile; fileRef = FAA435A526A81ED8002C1340 /* AppShopTests.swift */; };
		FAA435B126A81ED8002C1340 /* AppShopUITests.swift in Sources */ = {isa = PBXBuildFile; fileRef = FAA435B026A81ED8002C1340 /* AppShopUITests.swift */; };
		FAEFEDA526AEC22400F6EEBA /* Alamofire in Frameworks */ = {isa = PBXBuildFile; productRef = FAEFEDA426AEC22400F6EEBA /* Alamofire */; };
		FAEFEDA826AEC34900F6EEBA /* AuthRequestFactory.swift in Sources */ = {isa = PBXBuildFile; fileRef = FAEFEDA726AEC34900F6EEBA /* AuthRequestFactory.swift */; };
		FAEFEDAA26AEC36300F6EEBA /* Auth.swift in Sources */ = {isa = PBXBuildFile; fileRef = FAEFEDA926AEC36300F6EEBA /* Auth.swift */; };
		FAEFEDAC26AEC37F00F6EEBA /* RequestFactory.swift in Sources */ = {isa = PBXBuildFile; fileRef = FAEFEDAB26AEC37F00F6EEBA /* RequestFactory.swift */; };
		FAEFEDAF26AEC3E500F6EEBA /* LoginResult.swift in Sources */ = {isa = PBXBuildFile; fileRef = FAEFEDAE26AEC3E500F6EEBA /* LoginResult.swift */; };
		FAEFEDB126AEC3F700F6EEBA /* User.swift in Sources */ = {isa = PBXBuildFile; fileRef = FAEFEDB026AEC3F700F6EEBA /* User.swift */; };
		FAEFEDB326AEC41E00F6EEBA /* AbstractErrorParser.swift in Sources */ = {isa = PBXBuildFile; fileRef = FAEFEDB226AEC41E00F6EEBA /* AbstractErrorParser.swift */; };
		FAEFEDB526AEC43100F6EEBA /* ErrorParser.swift in Sources */ = {isa = PBXBuildFile; fileRef = FAEFEDB426AEC43100F6EEBA /* ErrorParser.swift */; };
		FAEFEDB726AEC45000F6EEBA /* ResponseCodable.swift in Sources */ = {isa = PBXBuildFile; fileRef = FAEFEDB626AEC45000F6EEBA /* ResponseCodable.swift */; };
		FAEFEDB926AEC48D00F6EEBA /* AbstractRequestFactory.swift in Sources */ = {isa = PBXBuildFile; fileRef = FAEFEDB826AEC48D00F6EEBA /* AbstractRequestFactory.swift */; };
		FAEFEDBB26AEC4AC00F6EEBA /* RequestRouter.swift in Sources */ = {isa = PBXBuildFile; fileRef = FAEFEDBA26AEC4AC00F6EEBA /* RequestRouter.swift */; };
		FAEFEDBD26AED2E800F6EEBA /* Registration.swift in Sources */ = {isa = PBXBuildFile; fileRef = FAEFEDBC26AED2E800F6EEBA /* Registration.swift */; };
		FAEFEDBF26AED3D600F6EEBA /* RegistrationRequestFactory.swift in Sources */ = {isa = PBXBuildFile; fileRef = FAEFEDBE26AED3D600F6EEBA /* RegistrationRequestFactory.swift */; };
		FAEFEDC326AED8A600F6EEBA /* RegistrationResult.swift in Sources */ = {isa = PBXBuildFile; fileRef = FAEFEDC226AED8A600F6EEBA /* RegistrationResult.swift */; };
		FAEFEDC526AEDA0B00F6EEBA /* LogoutResult.swift in Sources */ = {isa = PBXBuildFile; fileRef = FAEFEDC426AEDA0B00F6EEBA /* LogoutResult.swift */; };
		FAEFEDC726AEDE8F00F6EEBA /* ChangeUserDataResult.swift in Sources */ = {isa = PBXBuildFile; fileRef = FAEFEDC626AEDE8F00F6EEBA /* ChangeUserDataResult.swift */; };
		FAEFEDC926AEDF3600F6EEBA /* ChangeUserDataRequestFactory.swift in Sources */ = {isa = PBXBuildFile; fileRef = FAEFEDC826AEDF3600F6EEBA /* ChangeUserDataRequestFactory.swift */; };
		FAEFEDCB26AEE02200F6EEBA /* ChangeUserData.swift in Sources */ = {isa = PBXBuildFile; fileRef = FAEFEDCA26AEE02200F6EEBA /* ChangeUserData.swift */; };
/* End PBXBuildFile section */

/* Begin PBXContainerItemProxy section */
		FAA435A226A81ED8002C1340 /* PBXContainerItemProxy */ = {
			isa = PBXContainerItemProxy;
			containerPortal = FAA4358326A81ED6002C1340 /* Project object */;
			proxyType = 1;
			remoteGlobalIDString = FAA4358A26A81ED6002C1340;
			remoteInfo = AppShop;
		};
		FAA435AD26A81ED8002C1340 /* PBXContainerItemProxy */ = {
			isa = PBXContainerItemProxy;
			containerPortal = FAA4358326A81ED6002C1340 /* Project object */;
			proxyType = 1;
			remoteGlobalIDString = FAA4358A26A81ED6002C1340;
			remoteInfo = AppShop;
		};
/* End PBXContainerItemProxy section */

/* Begin PBXFileReference section */
		FA2BD27426B92EC9002C54D5 /* ResponseCodableTests.swift */ = {isa = PBXFileReference; lastKnownFileType = sourcecode.swift; path = ResponseCodableTests.swift; sourceTree = "<group>"; };
		FA2BD27626B941E9002C54D5 /* RegistrationTest.swift */ = {isa = PBXFileReference; lastKnownFileType = sourcecode.swift; path = RegistrationTest.swift; sourceTree = "<group>"; };
		FA2BD27826B943D1002C54D5 /* ChageUserDataTest.swift */ = {isa = PBXFileReference; lastKnownFileType = sourcecode.swift; path = ChageUserDataTest.swift; sourceTree = "<group>"; };
		FA2BD27A26B949F9002C54D5 /* ListProductsResult.swift */ = {isa = PBXFileReference; lastKnownFileType = sourcecode.swift; path = ListProductsResult.swift; sourceTree = "<group>"; };
		FA2BD27C26B94BE8002C54D5 /* ListProducts.swift */ = {isa = PBXFileReference; lastKnownFileType = sourcecode.swift; path = ListProducts.swift; sourceTree = "<group>"; };
		FA2BD27E26B94C43002C54D5 /* ListProductsRequestFactory.swift */ = {isa = PBXFileReference; lastKnownFileType = sourcecode.swift; path = ListProductsRequestFactory.swift; sourceTree = "<group>"; };
		FA2BD28026B94FF7002C54D5 /* ListProductsTest.swift */ = {isa = PBXFileReference; lastKnownFileType = sourcecode.swift; path = ListProductsTest.swift; sourceTree = "<group>"; };
		FA2BD28226BABA68002C54D5 /* ProductResult.swift */ = {isa = PBXFileReference; lastKnownFileType = sourcecode.swift; path = ProductResult.swift; sourceTree = "<group>"; };
		FA2BD28426BABBD7002C54D5 /* ProductRequestFactory.swift */ = {isa = PBXFileReference; lastKnownFileType = sourcecode.swift; path = ProductRequestFactory.swift; sourceTree = "<group>"; };
		FA2BD28626BABCB9002C54D5 /* GetProduct.swift */ = {isa = PBXFileReference; lastKnownFileType = sourcecode.swift; path = GetProduct.swift; sourceTree = "<group>"; };
		FA2BD28826BABE19002C54D5 /* GetProductTest.swift */ = {isa = PBXFileReference; lastKnownFileType = sourcecode.swift; path = GetProductTest.swift; sourceTree = "<group>"; };
		FA72F39026CE93B2001C5019 /* Settings.swift */ = {isa = PBXFileReference; lastKnownFileType = sourcecode.swift; path = Settings.swift; sourceTree = "<group>"; };
		FA72F39226CFD13C001C5019 /* ListReviewResult.swift */ = {isa = PBXFileReference; lastKnownFileType = sourcecode.swift; path = ListReviewResult.swift; sourceTree = "<group>"; };
		FA72F39426CFD215001C5019 /* ChangeReviewResult.swift */ = {isa = PBXFileReference; lastKnownFileType = sourcecode.swift; path = ChangeReviewResult.swift; sourceTree = "<group>"; };
		FA72F39626CFD37B001C5019 /* ChangeReviewRequestFactory.swift */ = {isa = PBXFileReference; lastKnownFileType = sourcecode.swift; path = ChangeReviewRequestFactory.swift; sourceTree = "<group>"; };
		FA72F39826CFD4AE001C5019 /* ChangeReview.swift */ = {isa = PBXFileReference; lastKnownFileType = sourcecode.swift; path = ChangeReview.swift; sourceTree = "<group>"; };
		FA72F39A26CFD7A8001C5019 /* ListReviewRequestFactory.swift */ = {isa = PBXFileReference; lastKnownFileType = sourcecode.swift; path = ListReviewRequestFactory.swift; sourceTree = "<group>"; };
		FA72F39C26CFD872001C5019 /* ListReview.swift */ = {isa = PBXFileReference; lastKnownFileType = sourcecode.swift; path = ListReview.swift; sourceTree = "<group>"; };
		FA72F39E26CFDB66001C5019 /* ChangeReviewTest.swift */ = {isa = PBXFileReference; lastKnownFileType = sourcecode.swift; path = ChangeReviewTest.swift; sourceTree = "<group>"; };
		FA8AA69126DCD9E7004D9BAD /* ChangeBasketRequestFactory.swift */ = {isa = PBXFileReference; lastKnownFileType = sourcecode.swift; path = ChangeBasketRequestFactory.swift; sourceTree = "<group>"; };
		FA8AA69326DCD9FE004D9BAD /* ChangeBasket.swift */ = {isa = PBXFileReference; lastKnownFileType = sourcecode.swift; path = ChangeBasket.swift; sourceTree = "<group>"; };
		FA8AA69526DCDB9F004D9BAD /* ChangeBasketResult.swift */ = {isa = PBXFileReference; lastKnownFileType = sourcecode.swift; path = ChangeBasketResult.swift; sourceTree = "<group>"; };
		FA8AA69726DCDFE3004D9BAD /* PayBasket.swift */ = {isa = PBXFileReference; lastKnownFileType = sourcecode.swift; path = PayBasket.swift; sourceTree = "<group>"; };
		FA8AA69926DCE052004D9BAD /* PayBasketRequestFactory.swift */ = {isa = PBXFileReference; lastKnownFileType = sourcecode.swift; path = PayBasketRequestFactory.swift; sourceTree = "<group>"; };
		FA8AA69B26DCE157004D9BAD /* PayBasketResult.swift */ = {isa = PBXFileReference; lastKnownFileType = sourcecode.swift; path = PayBasketResult.swift; sourceTree = "<group>"; };
		FA8AA69D26DCE418004D9BAD /* PayBasketTest.swift */ = {isa = PBXFileReference; lastKnownFileType = sourcecode.swift; path = PayBasketTest.swift; sourceTree = "<group>"; };
		FAA4358B26A81ED6002C1340 /* AppShop.app */ = {isa = PBXFileReference; explicitFileType = wrapper.application; includeInIndex = 0; path = AppShop.app; sourceTree = BUILT_PRODUCTS_DIR; };
		FAA4358E26A81ED6002C1340 /* AppDelegate.swift */ = {isa = PBXFileReference; lastKnownFileType = sourcecode.swift; path = AppDelegate.swift; sourceTree = "<group>"; };
		FAA4359026A81ED6002C1340 /* SceneDelegate.swift */ = {isa = PBXFileReference; lastKnownFileType = sourcecode.swift; path = SceneDelegate.swift; sourceTree = "<group>"; };
		FAA4359726A81ED8002C1340 /* Assets.xcassets */ = {isa = PBXFileReference; lastKnownFileType = folder.assetcatalog; path = Assets.xcassets; sourceTree = "<group>"; };
		FAA4359A26A81ED8002C1340 /* Base */ = {isa = PBXFileReference; lastKnownFileType = file.storyboard; name = Base; path = Base.lproj/LaunchScreen.storyboard; sourceTree = "<group>"; };
		FAA4359C26A81ED8002C1340 /* Info.plist */ = {isa = PBXFileReference; lastKnownFileType = text.plist.xml; path = Info.plist; sourceTree = "<group>"; };
		FAA435A126A81ED8002C1340 /* AppShopTests.xctest */ = {isa = PBXFileReference; explicitFileType = wrapper.cfbundle; includeInIndex = 0; path = AppShopTests.xctest; sourceTree = BUILT_PRODUCTS_DIR; };
		FAA435A526A81ED8002C1340 /* AppShopTests.swift */ = {isa = PBXFileReference; lastKnownFileType = sourcecode.swift; path = AppShopTests.swift; sourceTree = "<group>"; };
		FAA435A726A81ED8002C1340 /* Info.plist */ = {isa = PBXFileReference; lastKnownFileType = text.plist.xml; path = Info.plist; sourceTree = "<group>"; };
		FAA435AC26A81ED8002C1340 /* AppShopUITests.xctest */ = {isa = PBXFileReference; explicitFileType = wrapper.cfbundle; includeInIndex = 0; path = AppShopUITests.xctest; sourceTree = BUILT_PRODUCTS_DIR; };
		FAA435B026A81ED8002C1340 /* AppShopUITests.swift */ = {isa = PBXFileReference; lastKnownFileType = sourcecode.swift; path = AppShopUITests.swift; sourceTree = "<group>"; };
		FAA435B226A81ED8002C1340 /* Info.plist */ = {isa = PBXFileReference; lastKnownFileType = text.plist.xml; path = Info.plist; sourceTree = "<group>"; };
		FAEFEDA726AEC34900F6EEBA /* AuthRequestFactory.swift */ = {isa = PBXFileReference; lastKnownFileType = sourcecode.swift; path = AuthRequestFactory.swift; sourceTree = "<group>"; };
		FAEFEDA926AEC36300F6EEBA /* Auth.swift */ = {isa = PBXFileReference; lastKnownFileType = sourcecode.swift; path = Auth.swift; sourceTree = "<group>"; };
		FAEFEDAB26AEC37F00F6EEBA /* RequestFactory.swift */ = {isa = PBXFileReference; lastKnownFileType = sourcecode.swift; path = RequestFactory.swift; sourceTree = "<group>"; };
		FAEFEDAE26AEC3E500F6EEBA /* LoginResult.swift */ = {isa = PBXFileReference; lastKnownFileType = sourcecode.swift; path = LoginResult.swift; sourceTree = "<group>"; };
		FAEFEDB026AEC3F700F6EEBA /* User.swift */ = {isa = PBXFileReference; lastKnownFileType = sourcecode.swift; path = User.swift; sourceTree = "<group>"; };
		FAEFEDB226AEC41E00F6EEBA /* AbstractErrorParser.swift */ = {isa = PBXFileReference; lastKnownFileType = sourcecode.swift; path = AbstractErrorParser.swift; sourceTree = "<group>"; };
		FAEFEDB426AEC43100F6EEBA /* ErrorParser.swift */ = {isa = PBXFileReference; lastKnownFileType = sourcecode.swift; path = ErrorParser.swift; sourceTree = "<group>"; };
		FAEFEDB626AEC45000F6EEBA /* ResponseCodable.swift */ = {isa = PBXFileReference; lastKnownFileType = sourcecode.swift; path = ResponseCodable.swift; sourceTree = "<group>"; };
		FAEFEDB826AEC48D00F6EEBA /* AbstractRequestFactory.swift */ = {isa = PBXFileReference; lastKnownFileType = sourcecode.swift; path = AbstractRequestFactory.swift; sourceTree = "<group>"; };
		FAEFEDBA26AEC4AC00F6EEBA /* RequestRouter.swift */ = {isa = PBXFileReference; lastKnownFileType = sourcecode.swift; path = RequestRouter.swift; sourceTree = "<group>"; };
		FAEFEDBC26AED2E800F6EEBA /* Registration.swift */ = {isa = PBXFileReference; lastKnownFileType = sourcecode.swift; path = Registration.swift; sourceTree = "<group>"; };
		FAEFEDBE26AED3D600F6EEBA /* RegistrationRequestFactory.swift */ = {isa = PBXFileReference; lastKnownFileType = sourcecode.swift; path = RegistrationRequestFactory.swift; sourceTree = "<group>"; };
		FAEFEDC226AED8A600F6EEBA /* RegistrationResult.swift */ = {isa = PBXFileReference; lastKnownFileType = sourcecode.swift; path = RegistrationResult.swift; sourceTree = "<group>"; };
		FAEFEDC426AEDA0B00F6EEBA /* LogoutResult.swift */ = {isa = PBXFileReference; lastKnownFileType = sourcecode.swift; path = LogoutResult.swift; sourceTree = "<group>"; };
		FAEFEDC626AEDE8F00F6EEBA /* ChangeUserDataResult.swift */ = {isa = PBXFileReference; lastKnownFileType = sourcecode.swift; path = ChangeUserDataResult.swift; sourceTree = "<group>"; };
		FAEFEDC826AEDF3600F6EEBA /* ChangeUserDataRequestFactory.swift */ = {isa = PBXFileReference; lastKnownFileType = sourcecode.swift; path = ChangeUserDataRequestFactory.swift; sourceTree = "<group>"; };
		FAEFEDCA26AEE02200F6EEBA /* ChangeUserData.swift */ = {isa = PBXFileReference; lastKnownFileType = sourcecode.swift; path = ChangeUserData.swift; sourceTree = "<group>"; };
/* End PBXFileReference section */

/* Begin PBXFrameworksBuildPhase section */
		FAA4358826A81ED6002C1340 /* Frameworks */ = {
			isa = PBXFrameworksBuildPhase;
			buildActionMask = 2147483647;
			files = (
				FAEFEDA526AEC22400F6EEBA /* Alamofire in Frameworks */,
			);
			runOnlyForDeploymentPostprocessing = 0;
		};
		FAA4359E26A81ED8002C1340 /* Frameworks */ = {
			isa = PBXFrameworksBuildPhase;
			buildActionMask = 2147483647;
			files = (
			);
			runOnlyForDeploymentPostprocessing = 0;
		};
		FAA435A926A81ED8002C1340 /* Frameworks */ = {
			isa = PBXFrameworksBuildPhase;
			buildActionMask = 2147483647;
			files = (
			);
			runOnlyForDeploymentPostprocessing = 0;
		};
/* End PBXFrameworksBuildPhase section */

/* Begin PBXGroup section */
		FA72F3A026CFE093001C5019 /* Reviews */ = {
			isa = PBXGroup;
			children = (
				FA72F39C26CFD872001C5019 /* ListReview.swift */,
				FA72F39A26CFD7A8001C5019 /* ListReviewRequestFactory.swift */,
				FA72F39826CFD4AE001C5019 /* ChangeReview.swift */,
				FA72F39626CFD37B001C5019 /* ChangeReviewRequestFactory.swift */,
			);
			path = Reviews;
			sourceTree = "<group>";
		};
		FA72F3A126CFE0C5001C5019 /* Products */ = {
			isa = PBXGroup;
			children = (
				FA2BD28626BABCB9002C54D5 /* GetProduct.swift */,
				FA2BD28426BABBD7002C54D5 /* ProductRequestFactory.swift */,
				FA2BD27E26B94C43002C54D5 /* ListProductsRequestFactory.swift */,
				FA2BD27C26B94BE8002C54D5 /* ListProducts.swift */,
			);
			path = Products;
			sourceTree = "<group>";
		};
		FA72F3A226CFE118001C5019 /* ChangeUserData */ = {
			isa = PBXGroup;
			children = (
				FAEFEDCA26AEE02200F6EEBA /* ChangeUserData.swift */,
				FAEFEDC826AEDF3600F6EEBA /* ChangeUserDataRequestFactory.swift */,
			);
			path = ChangeUserData;
			sourceTree = "<group>";
		};
		FA72F3A326CFE144001C5019 /* Registration */ = {
			isa = PBXGroup;
			children = (
				FAEFEDBE26AED3D600F6EEBA /* RegistrationRequestFactory.swift */,
				FAEFEDBC26AED2E800F6EEBA /* Registration.swift */,
			);
			path = Registration;
			sourceTree = "<group>";
		};
		FA72F3A426CFE178001C5019 /* Auth */ = {
			isa = PBXGroup;
			children = (
				FAEFEDA726AEC34900F6EEBA /* AuthRequestFactory.swift */,
				FAEFEDA926AEC36300F6EEBA /* Auth.swift */,
			);
			path = Auth;
			sourceTree = "<group>";
		};
		FA8AA69026DCD974004D9BAD /* Basket */ = {
			isa = PBXGroup;
			children = (
				FA8AA69126DCD9E7004D9BAD /* ChangeBasketRequestFactory.swift */,
				FA8AA69326DCD9FE004D9BAD /* ChangeBasket.swift */,
				FA8AA69726DCDFE3004D9BAD /* PayBasket.swift */,
				FA8AA69926DCE052004D9BAD /* PayBasketRequestFactory.swift */,
			);
			path = Basket;
			sourceTree = "<group>";
		};
		FAA4358226A81ED6002C1340 = {
			isa = PBXGroup;
			children = (
				FAA4358D26A81ED6002C1340 /* AppShop */,
				FAA435A426A81ED8002C1340 /* AppShopTests */,
				FAA435AF26A81ED8002C1340 /* AppShopUITests */,
				FAA4358C26A81ED6002C1340 /* Products */,
			);
			sourceTree = "<group>";
		};
		FAA4358C26A81ED6002C1340 /* Products */ = {
			isa = PBXGroup;
			children = (
				FAA4358B26A81ED6002C1340 /* AppShop.app */,
				FAA435A126A81ED8002C1340 /* AppShopTests.xctest */,
				FAA435AC26A81ED8002C1340 /* AppShopUITests.xctest */,
			);
			name = Products;
			sourceTree = "<group>";
		};
		FAA4358D26A81ED6002C1340 /* AppShop */ = {
			isa = PBXGroup;
			children = (
				FAA435D026A954EC002C1340 /* Environments */,
				FAA435CF26A954DE002C1340 /* Resources */,
				FAA435CE26A954CA002C1340 /* Core */,
				FAA435C926A95461002C1340 /* App */,
			);
			path = AppShop;
			sourceTree = "<group>";
		};
		FAA435A426A81ED8002C1340 /* AppShopTests */ = {
			isa = PBXGroup;
			children = (
				FAA435A526A81ED8002C1340 /* AppShopTests.swift */,
				FAA435A726A81ED8002C1340 /* Info.plist */,
				FA2BD27426B92EC9002C54D5 /* ResponseCodableTests.swift */,
				FA2BD27626B941E9002C54D5 /* RegistrationTest.swift */,
				FA2BD27826B943D1002C54D5 /* ChageUserDataTest.swift */,
				FA72F39E26CFDB66001C5019 /* ChangeReviewTest.swift */,
				FA8AA69D26DCE418004D9BAD /* PayBasketTest.swift */,
				FA2BD28026B94FF7002C54D5 /* ListProductsTest.swift */,
				FA2BD28826BABE19002C54D5 /* GetProductTest.swift */,
			);
			path = AppShopTests;
			sourceTree = "<group>";
		};
		FAA435AF26A81ED8002C1340 /* AppShopUITests */ = {
			isa = PBXGroup;
			children = (
				FAA435B026A81ED8002C1340 /* AppShopUITests.swift */,
				FAA435B226A81ED8002C1340 /* Info.plist */,
			);
			path = AppShopUITests;
			sourceTree = "<group>";
		};
		FAA435C926A95461002C1340 /* App */ = {
			isa = PBXGroup;
			children = (
				FAA4358E26A81ED6002C1340 /* AppDelegate.swift */,
				FAA4359026A81ED6002C1340 /* SceneDelegate.swift */,
				FAA435CD26A954B2002C1340 /* Flows */,
				FAA435CC26A9549E002C1340 /* Assembly */,
				FAA435CB26A9548E002C1340 /* Entity */,
				FAA435CA26A9547E002C1340 /* BusinessLogic */,
			);
			path = App;
			sourceTree = "<group>";
		};
		FAA435CA26A9547E002C1340 /* BusinessLogic */ = {
			isa = PBXGroup;
			children = (
				FAEFEDAD26AEC3A200F6EEBA /* Network */,
				FA72F39026CE93B2001C5019 /* Settings.swift */,
			);
			path = BusinessLogic;
			sourceTree = "<group>";
		};
		FAA435CB26A9548E002C1340 /* Entity */ = {
			isa = PBXGroup;
			children = (
				FAEFEDAE26AEC3E500F6EEBA /* LoginResult.swift */,
				FAEFEDB026AEC3F700F6EEBA /* User.swift */,
				FAEFEDC226AED8A600F6EEBA /* RegistrationResult.swift */,
				FAEFEDC426AEDA0B00F6EEBA /* LogoutResult.swift */,
				FAEFEDC626AEDE8F00F6EEBA /* ChangeUserDataResult.swift */,
				FA2BD27A26B949F9002C54D5 /* ListProductsResult.swift */,
				FA72F39226CFD13C001C5019 /* ListReviewResult.swift */,
				FA72F39426CFD215001C5019 /* ChangeReviewResult.swift */,
				FA8AA69526DCDB9F004D9BAD /* ChangeBasketResult.swift */,
				FA8AA69B26DCE157004D9BAD /* PayBasketResult.swift */,
				FA2BD28226BABA68002C54D5 /* ProductResult.swift */,
			);
			path = Entity;
			sourceTree = "<group>";
		};
		FAA435CC26A9549E002C1340 /* Assembly */ = {
			isa = PBXGroup;
			children = (
			);
			path = Assembly;
			sourceTree = "<group>";
		};
		FAA435CD26A954B2002C1340 /* Flows */ = {
			isa = PBXGroup;
			children = (
			);
			path = Flows;
			sourceTree = "<group>";
		};
		FAA435CE26A954CA002C1340 /* Core */ = {
			isa = PBXGroup;
			children = (
				FAEFEDA626AEC25B00F6EEBA /* Network */,
			);
			path = Core;
			sourceTree = "<group>";
		};
		FAA435CF26A954DE002C1340 /* Resources */ = {
			isa = PBXGroup;
			children = (
				FAA4359926A81ED8002C1340 /* LaunchScreen.storyboard */,
				FAA4359726A81ED8002C1340 /* Assets.xcassets */,
			);
			path = Resources;
			sourceTree = "<group>";
		};
		FAA435D026A954EC002C1340 /* Environments */ = {
			isa = PBXGroup;
			children = (
				FAA4359C26A81ED8002C1340 /* Info.plist */,
			);
			path = Environments;
			sourceTree = "<group>";
		};
		FAEFEDA626AEC25B00F6EEBA /* Network */ = {
			isa = PBXGroup;
			children = (
				FAEFEDB226AEC41E00F6EEBA /* AbstractErrorParser.swift */,
				FAEFEDB426AEC43100F6EEBA /* ErrorParser.swift */,
				FAEFEDB626AEC45000F6EEBA /* ResponseCodable.swift */,
				FAEFEDB826AEC48D00F6EEBA /* AbstractRequestFactory.swift */,
				FAEFEDBA26AEC4AC00F6EEBA /* RequestRouter.swift */,
			);
			path = Network;
			sourceTree = "<group>";
		};
		FAEFEDAD26AEC3A200F6EEBA /* Network */ = {
			isa = PBXGroup;
			children = (
				FAEFEDAB26AEC37F00F6EEBA /* RequestFactory.swift */,
				FA8AA69026DCD974004D9BAD /* Basket */,
				FA72F3A426CFE178001C5019 /* Auth */,
				FA72F3A226CFE118001C5019 /* ChangeUserData */,
				FA72F3A026CFE093001C5019 /* Reviews */,
				FA72F3A326CFE144001C5019 /* Registration */,
				FA72F3A126CFE0C5001C5019 /* Products */,
			);
			path = Network;
			sourceTree = "<group>";
		};
/* End PBXGroup section */

/* Begin PBXNativeTarget section */
		FAA4358A26A81ED6002C1340 /* AppShop */ = {
			isa = PBXNativeTarget;
			buildConfigurationList = FAA435B526A81ED8002C1340 /* Build configuration list for PBXNativeTarget "AppShop" */;
			buildPhases = (
				FAA4358726A81ED6002C1340 /* Sources */,
				FAA4358826A81ED6002C1340 /* Frameworks */,
				FAA4358926A81ED6002C1340 /* Resources */,
			);
			buildRules = (
			);
			dependencies = (
			);
			name = AppShop;
			packageProductDependencies = (
				FAEFEDA426AEC22400F6EEBA /* Alamofire */,
			);
			productName = AppShop;
			productReference = FAA4358B26A81ED6002C1340 /* AppShop.app */;
			productType = "com.apple.product-type.application";
		};
		FAA435A026A81ED8002C1340 /* AppShopTests */ = {
			isa = PBXNativeTarget;
			buildConfigurationList = FAA435B826A81ED8002C1340 /* Build configuration list for PBXNativeTarget "AppShopTests" */;
			buildPhases = (
				FAA4359D26A81ED8002C1340 /* Sources */,
				FAA4359E26A81ED8002C1340 /* Frameworks */,
				FAA4359F26A81ED8002C1340 /* Resources */,
			);
			buildRules = (
			);
			dependencies = (
				FAA435A326A81ED8002C1340 /* PBXTargetDependency */,
			);
			name = AppShopTests;
			productName = AppShopTests;
			productReference = FAA435A126A81ED8002C1340 /* AppShopTests.xctest */;
			productType = "com.apple.product-type.bundle.unit-test";
		};
		FAA435AB26A81ED8002C1340 /* AppShopUITests */ = {
			isa = PBXNativeTarget;
			buildConfigurationList = FAA435BB26A81ED8002C1340 /* Build configuration list for PBXNativeTarget "AppShopUITests" */;
			buildPhases = (
				FAA435A826A81ED8002C1340 /* Sources */,
				FAA435A926A81ED8002C1340 /* Frameworks */,
				FAA435AA26A81ED8002C1340 /* Resources */,
			);
			buildRules = (
			);
			dependencies = (
				FAA435AE26A81ED8002C1340 /* PBXTargetDependency */,
			);
			name = AppShopUITests;
			productName = AppShopUITests;
			productReference = FAA435AC26A81ED8002C1340 /* AppShopUITests.xctest */;
			productType = "com.apple.product-type.bundle.ui-testing";
		};
/* End PBXNativeTarget section */

/* Begin PBXProject section */
		FAA4358326A81ED6002C1340 /* Project object */ = {
			isa = PBXProject;
			attributes = {
				LastSwiftUpdateCheck = 1250;
				LastUpgradeCheck = 1250;
				TargetAttributes = {
					FAA4358A26A81ED6002C1340 = {
						CreatedOnToolsVersion = 12.5.1;
					};
					FAA435A026A81ED8002C1340 = {
						CreatedOnToolsVersion = 12.5.1;
						TestTargetID = FAA4358A26A81ED6002C1340;
					};
					FAA435AB26A81ED8002C1340 = {
						CreatedOnToolsVersion = 12.5.1;
						TestTargetID = FAA4358A26A81ED6002C1340;
					};
				};
			};
			buildConfigurationList = FAA4358626A81ED6002C1340 /* Build configuration list for PBXProject "AppShop" */;
			compatibilityVersion = "Xcode 11.0";
			developmentRegion = en;
			hasScannedForEncodings = 0;
			knownRegions = (
				en,
				Base,
			);
			mainGroup = FAA4358226A81ED6002C1340;
			packageReferences = (
				FAEFEDA326AEC22400F6EEBA /* XCRemoteSwiftPackageReference "Alamofire" */,
			);
			productRefGroup = FAA4358C26A81ED6002C1340 /* Products */;
			projectDirPath = "";
			projectRoot = "";
			targets = (
				FAA4358A26A81ED6002C1340 /* AppShop */,
				FAA435A026A81ED8002C1340 /* AppShopTests */,
				FAA435AB26A81ED8002C1340 /* AppShopUITests */,
			);
		};
/* End PBXProject section */

/* Begin PBXResourcesBuildPhase section */
		FAA4358926A81ED6002C1340 /* Resources */ = {
			isa = PBXResourcesBuildPhase;
			buildActionMask = 2147483647;
			files = (
				FAA4359B26A81ED8002C1340 /* LaunchScreen.storyboard in Resources */,
				FAA4359826A81ED8002C1340 /* Assets.xcassets in Resources */,
			);
			runOnlyForDeploymentPostprocessing = 0;
		};
		FAA4359F26A81ED8002C1340 /* Resources */ = {
			isa = PBXResourcesBuildPhase;
			buildActionMask = 2147483647;
			files = (
			);
			runOnlyForDeploymentPostprocessing = 0;
		};
		FAA435AA26A81ED8002C1340 /* Resources */ = {
			isa = PBXResourcesBuildPhase;
			buildActionMask = 2147483647;
			files = (
			);
			runOnlyForDeploymentPostprocessing = 0;
		};
/* End PBXResourcesBuildPhase section */

/* Begin PBXSourcesBuildPhase section */
		FAA4358726A81ED6002C1340 /* Sources */ = {
			isa = PBXSourcesBuildPhase;
			buildActionMask = 2147483647;
			files = (
				FA2BD28526BABBD7002C54D5 /* ProductRequestFactory.swift in Sources */,
				FA2BD28726BABCB9002C54D5 /* GetProduct.swift in Sources */,
				FA72F39126CE93B2001C5019 /* Settings.swift in Sources */,
				FAEFEDCB26AEE02200F6EEBA /* ChangeUserData.swift in Sources */,
				FAEFEDB926AEC48D00F6EEBA /* AbstractRequestFactory.swift in Sources */,
				FAEFEDAF26AEC3E500F6EEBA /* LoginResult.swift in Sources */,
				FA8AA69426DCD9FE004D9BAD /* ChangeBasket.swift in Sources */,
				FA8AA69226DCD9E7004D9BAD /* ChangeBasketRequestFactory.swift in Sources */,
				FAEFEDB726AEC45000F6EEBA /* ResponseCodable.swift in Sources */,
				FAA4358F26A81ED6002C1340 /* AppDelegate.swift in Sources */,
				FA2BD27B26B949F9002C54D5 /* ListProductsResult.swift in Sources */,
				FA2BD28326BABA68002C54D5 /* ProductResult.swift in Sources */,
				FA72F39526CFD215001C5019 /* ChangeReviewResult.swift in Sources */,
				FA72F39326CFD13C001C5019 /* ListReviewResult.swift in Sources */,
				FA72F39B26CFD7A8001C5019 /* ListReviewRequestFactory.swift in Sources */,
				FAEFEDAC26AEC37F00F6EEBA /* RequestFactory.swift in Sources */,
				FAA4359126A81ED6002C1340 /* SceneDelegate.swift in Sources */,
				FAEFEDC526AEDA0B00F6EEBA /* LogoutResult.swift in Sources */,
				FAEFEDC326AED8A600F6EEBA /* RegistrationResult.swift in Sources */,
				FA8AA69A26DCE052004D9BAD /* PayBasketRequestFactory.swift in Sources */,
				FAEFEDBD26AED2E800F6EEBA /* Registration.swift in Sources */,
				FA72F39926CFD4AE001C5019 /* ChangeReview.swift in Sources */,
				FA2BD27D26B94BE8002C54D5 /* ListProducts.swift in Sources */,
				FA72F39726CFD37B001C5019 /* ChangeReviewRequestFactory.swift in Sources */,
				FAEFEDB526AEC43100F6EEBA /* ErrorParser.swift in Sources */,
				FA8AA69626DCDB9F004D9BAD /* ChangeBasketResult.swift in Sources */,
				FAEFEDA826AEC34900F6EEBA /* AuthRequestFactory.swift in Sources */,
				FA8AA69826DCDFE3004D9BAD /* PayBasket.swift in Sources */,
				FA2BD27F26B94C43002C54D5 /* ListProductsRequestFactory.swift in Sources */,
				FA8AA69C26DCE157004D9BAD /* PayBasketResult.swift in Sources */,
				FAEFEDC926AEDF3600F6EEBA /* ChangeUserDataRequestFactory.swift in Sources */,
				FA72F39D26CFD872001C5019 /* ListReview.swift in Sources */,
				FAEFEDBB26AEC4AC00F6EEBA /* RequestRouter.swift in Sources */,
				FAEFEDAA26AEC36300F6EEBA /* Auth.swift in Sources */,
				FAEFEDB126AEC3F700F6EEBA /* User.swift in Sources */,
				FAEFEDC726AEDE8F00F6EEBA /* ChangeUserDataResult.swift in Sources */,
				FAEFEDBF26AED3D600F6EEBA /* RegistrationRequestFactory.swift in Sources */,
				FAEFEDB326AEC41E00F6EEBA /* AbstractErrorParser.swift in Sources */,
			);
			runOnlyForDeploymentPostprocessing = 0;
		};
		FAA4359D26A81ED8002C1340 /* Sources */ = {
			isa = PBXSourcesBuildPhase;
			buildActionMask = 2147483647;
			files = (
				FA2BD28926BABE19002C54D5 /* GetProductTest.swift in Sources */,
				FAA435A626A81ED8002C1340 /* AppShopTests.swift in Sources */,
				FA8AA69E26DCE418004D9BAD /* PayBasketTest.swift in Sources */,
				FA2BD28126B94FF7002C54D5 /* ListProductsTest.swift in Sources */,
				FA2BD27526B92EC9002C54D5 /* ResponseCodableTests.swift in Sources */,
				FA72F39F26CFDB66001C5019 /* ChangeReviewTest.swift in Sources */,
				FA2BD27726B941E9002C54D5 /* RegistrationTest.swift in Sources */,
				FA2BD27926B943D1002C54D5 /* ChageUserDataTest.swift in Sources */,
			);
			runOnlyForDeploymentPostprocessing = 0;
		};
		FAA435A826A81ED8002C1340 /* Sources */ = {
			isa = PBXSourcesBuildPhase;
			buildActionMask = 2147483647;
			files = (
				FAA435B126A81ED8002C1340 /* AppShopUITests.swift in Sources */,
			);
			runOnlyForDeploymentPostprocessing = 0;
		};
/* End PBXSourcesBuildPhase section */

/* Begin PBXTargetDependency section */
		FAA435A326A81ED8002C1340 /* PBXTargetDependency */ = {
			isa = PBXTargetDependency;
			target = FAA4358A26A81ED6002C1340 /* AppShop */;
			targetProxy = FAA435A226A81ED8002C1340 /* PBXContainerItemProxy */;
		};
		FAA435AE26A81ED8002C1340 /* PBXTargetDependency */ = {
			isa = PBXTargetDependency;
			target = FAA4358A26A81ED6002C1340 /* AppShop */;
			targetProxy = FAA435AD26A81ED8002C1340 /* PBXContainerItemProxy */;
		};
/* End PBXTargetDependency section */

/* Begin PBXVariantGroup section */
		FAA4359926A81ED8002C1340 /* LaunchScreen.storyboard */ = {
			isa = PBXVariantGroup;
			children = (
				FAA4359A26A81ED8002C1340 /* Base */,
			);
			name = LaunchScreen.storyboard;
			sourceTree = "<group>";
		};
/* End PBXVariantGroup section */

/* Begin XCBuildConfiguration section */
		FAA435B326A81ED8002C1340 /* Debug */ = {
			isa = XCBuildConfiguration;
			buildSettings = {
				ALWAYS_SEARCH_USER_PATHS = NO;
				CLANG_ANALYZER_NONNULL = YES;
				CLANG_ANALYZER_NUMBER_OBJECT_CONVERSION = YES_AGGRESSIVE;
				CLANG_CXX_LANGUAGE_STANDARD = "gnu++14";
				CLANG_CXX_LIBRARY = "libc++";
				CLANG_ENABLE_MODULES = YES;
				CLANG_ENABLE_OBJC_ARC = YES;
				CLANG_ENABLE_OBJC_WEAK = YES;
				CLANG_WARN_BLOCK_CAPTURE_AUTORELEASING = YES;
				CLANG_WARN_BOOL_CONVERSION = YES;
				CLANG_WARN_COMMA = YES;
				CLANG_WARN_CONSTANT_CONVERSION = YES;
				CLANG_WARN_DEPRECATED_OBJC_IMPLEMENTATIONS = YES;
				CLANG_WARN_DIRECT_OBJC_ISA_USAGE = YES_ERROR;
				CLANG_WARN_DOCUMENTATION_COMMENTS = YES;
				CLANG_WARN_EMPTY_BODY = YES;
				CLANG_WARN_ENUM_CONVERSION = YES;
				CLANG_WARN_INFINITE_RECURSION = YES;
				CLANG_WARN_INT_CONVERSION = YES;
				CLANG_WARN_NON_LITERAL_NULL_CONVERSION = YES;
				CLANG_WARN_OBJC_IMPLICIT_RETAIN_SELF = YES;
				CLANG_WARN_OBJC_LITERAL_CONVERSION = YES;
				CLANG_WARN_OBJC_ROOT_CLASS = YES_ERROR;
				CLANG_WARN_QUOTED_INCLUDE_IN_FRAMEWORK_HEADER = YES;
				CLANG_WARN_RANGE_LOOP_ANALYSIS = YES;
				CLANG_WARN_STRICT_PROTOTYPES = YES;
				CLANG_WARN_SUSPICIOUS_MOVE = YES;
				CLANG_WARN_UNGUARDED_AVAILABILITY = YES_AGGRESSIVE;
				CLANG_WARN_UNREACHABLE_CODE = YES;
				CLANG_WARN__DUPLICATE_METHOD_MATCH = YES;
				COPY_PHASE_STRIP = NO;
				DEBUG_INFORMATION_FORMAT = dwarf;
				ENABLE_STRICT_OBJC_MSGSEND = YES;
				ENABLE_TESTABILITY = YES;
				GCC_C_LANGUAGE_STANDARD = gnu11;
				GCC_DYNAMIC_NO_PIC = NO;
				GCC_NO_COMMON_BLOCKS = YES;
				GCC_OPTIMIZATION_LEVEL = 0;
				GCC_PREPROCESSOR_DEFINITIONS = (
					"DEBUG=1",
					"$(inherited)",
				);
				GCC_WARN_64_TO_32_BIT_CONVERSION = YES;
				GCC_WARN_ABOUT_RETURN_TYPE = YES_ERROR;
				GCC_WARN_UNDECLARED_SELECTOR = YES;
				GCC_WARN_UNINITIALIZED_AUTOS = YES_AGGRESSIVE;
				GCC_WARN_UNUSED_FUNCTION = YES;
				GCC_WARN_UNUSED_VARIABLE = YES;
				IPHONEOS_DEPLOYMENT_TARGET = 14.5;
				MTL_ENABLE_DEBUG_INFO = INCLUDE_SOURCE;
				MTL_FAST_MATH = YES;
				ONLY_ACTIVE_ARCH = YES;
				SDKROOT = iphoneos;
				SWIFT_ACTIVE_COMPILATION_CONDITIONS = DEBUG;
				SWIFT_OPTIMIZATION_LEVEL = "-Onone";
			};
			name = Debug;
		};
		FAA435B426A81ED8002C1340 /* Release */ = {
			isa = XCBuildConfiguration;
			buildSettings = {
				ALWAYS_SEARCH_USER_PATHS = NO;
				CLANG_ANALYZER_NONNULL = YES;
				CLANG_ANALYZER_NUMBER_OBJECT_CONVERSION = YES_AGGRESSIVE;
				CLANG_CXX_LANGUAGE_STANDARD = "gnu++14";
				CLANG_CXX_LIBRARY = "libc++";
				CLANG_ENABLE_MODULES = YES;
				CLANG_ENABLE_OBJC_ARC = YES;
				CLANG_ENABLE_OBJC_WEAK = YES;
				CLANG_WARN_BLOCK_CAPTURE_AUTORELEASING = YES;
				CLANG_WARN_BOOL_CONVERSION = YES;
				CLANG_WARN_COMMA = YES;
				CLANG_WARN_CONSTANT_CONVERSION = YES;
				CLANG_WARN_DEPRECATED_OBJC_IMPLEMENTATIONS = YES;
				CLANG_WARN_DIRECT_OBJC_ISA_USAGE = YES_ERROR;
				CLANG_WARN_DOCUMENTATION_COMMENTS = YES;
				CLANG_WARN_EMPTY_BODY = YES;
				CLANG_WARN_ENUM_CONVERSION = YES;
				CLANG_WARN_INFINITE_RECURSION = YES;
				CLANG_WARN_INT_CONVERSION = YES;
				CLANG_WARN_NON_LITERAL_NULL_CONVERSION = YES;
				CLANG_WARN_OBJC_IMPLICIT_RETAIN_SELF = YES;
				CLANG_WARN_OBJC_LITERAL_CONVERSION = YES;
				CLANG_WARN_OBJC_ROOT_CLASS = YES_ERROR;
				CLANG_WARN_QUOTED_INCLUDE_IN_FRAMEWORK_HEADER = YES;
				CLANG_WARN_RANGE_LOOP_ANALYSIS = YES;
				CLANG_WARN_STRICT_PROTOTYPES = YES;
				CLANG_WARN_SUSPICIOUS_MOVE = YES;
				CLANG_WARN_UNGUARDED_AVAILABILITY = YES_AGGRESSIVE;
				CLANG_WARN_UNREACHABLE_CODE = YES;
				CLANG_WARN__DUPLICATE_METHOD_MATCH = YES;
				COPY_PHASE_STRIP = NO;
				DEBUG_INFORMATION_FORMAT = "dwarf-with-dsym";
				ENABLE_NS_ASSERTIONS = NO;
				ENABLE_STRICT_OBJC_MSGSEND = YES;
				GCC_C_LANGUAGE_STANDARD = gnu11;
				GCC_NO_COMMON_BLOCKS = YES;
				GCC_WARN_64_TO_32_BIT_CONVERSION = YES;
				GCC_WARN_ABOUT_RETURN_TYPE = YES_ERROR;
				GCC_WARN_UNDECLARED_SELECTOR = YES;
				GCC_WARN_UNINITIALIZED_AUTOS = YES_AGGRESSIVE;
				GCC_WARN_UNUSED_FUNCTION = YES;
				GCC_WARN_UNUSED_VARIABLE = YES;
				IPHONEOS_DEPLOYMENT_TARGET = 14.5;
				MTL_ENABLE_DEBUG_INFO = NO;
				MTL_FAST_MATH = YES;
				SDKROOT = iphoneos;
				SWIFT_COMPILATION_MODE = wholemodule;
				SWIFT_OPTIMIZATION_LEVEL = "-O";
				VALIDATE_PRODUCT = YES;
			};
			name = Release;
		};
		FAA435B626A81ED8002C1340 /* Debug */ = {
			isa = XCBuildConfiguration;
			buildSettings = {
				ASSETCATALOG_COMPILER_APPICON_NAME = AppIcon;
				ASSETCATALOG_COMPILER_GLOBAL_ACCENT_COLOR_NAME = AccentColor;
				CODE_SIGN_STYLE = Automatic;
				DEVELOPMENT_TEAM = 39B93ZXWW7;
				INFOPLIST_FILE = AppShop/Environments/Info.plist;
				LD_RUNPATH_SEARCH_PATHS = (
					"$(inherited)",
					"@executable_path/Frameworks",
				);
				PRODUCT_BUNDLE_IDENTIFIER = "com.Pavel-Khlebnikov.AppShop";
				PRODUCT_NAME = "$(TARGET_NAME)";
				SWIFT_VERSION = 5.0;
				TARGETED_DEVICE_FAMILY = "1,2";
			};
			name = Debug;
		};
		FAA435B726A81ED8002C1340 /* Release */ = {
			isa = XCBuildConfiguration;
			buildSettings = {
				ASSETCATALOG_COMPILER_APPICON_NAME = AppIcon;
				ASSETCATALOG_COMPILER_GLOBAL_ACCENT_COLOR_NAME = AccentColor;
				CODE_SIGN_STYLE = Automatic;
				DEVELOPMENT_TEAM = 39B93ZXWW7;
				INFOPLIST_FILE = AppShop/Environments/Info.plist;
				LD_RUNPATH_SEARCH_PATHS = (
					"$(inherited)",
					"@executable_path/Frameworks",
				);
				PRODUCT_BUNDLE_IDENTIFIER = "com.Pavel-Khlebnikov.AppShop";
				PRODUCT_NAME = "$(TARGET_NAME)";
				SWIFT_VERSION = 5.0;
				TARGETED_DEVICE_FAMILY = "1,2";
			};
			name = Release;
		};
		FAA435B926A81ED8002C1340 /* Debug */ = {
			isa = XCBuildConfiguration;
			buildSettings = {
				ALWAYS_EMBED_SWIFT_STANDARD_LIBRARIES = YES;
				BUNDLE_LOADER = "$(TEST_HOST)";
				CODE_SIGN_STYLE = Automatic;
				DEVELOPMENT_TEAM = 39B93ZXWW7;
				INFOPLIST_FILE = AppShopTests/Info.plist;
				IPHONEOS_DEPLOYMENT_TARGET = 14.5;
				LD_RUNPATH_SEARCH_PATHS = (
					"$(inherited)",
					"@executable_path/Frameworks",
					"@loader_path/Frameworks",
				);
				PRODUCT_BUNDLE_IDENTIFIER = "com.Pavel-Khlebnikov.AppShopTests";
				PRODUCT_NAME = "$(TARGET_NAME)";
				SWIFT_VERSION = 5.0;
				TARGETED_DEVICE_FAMILY = "1,2";
				TEST_HOST = "$(BUILT_PRODUCTS_DIR)/AppShop.app/AppShop";
			};
			name = Debug;
		};
		FAA435BA26A81ED8002C1340 /* Release */ = {
			isa = XCBuildConfiguration;
			buildSettings = {
				ALWAYS_EMBED_SWIFT_STANDARD_LIBRARIES = YES;
				BUNDLE_LOADER = "$(TEST_HOST)";
				CODE_SIGN_STYLE = Automatic;
				DEVELOPMENT_TEAM = 39B93ZXWW7;
				INFOPLIST_FILE = AppShopTests/Info.plist;
				IPHONEOS_DEPLOYMENT_TARGET = 14.5;
				LD_RUNPATH_SEARCH_PATHS = (
					"$(inherited)",
					"@executable_path/Frameworks",
					"@loader_path/Frameworks",
				);
				PRODUCT_BUNDLE_IDENTIFIER = "com.Pavel-Khlebnikov.AppShopTests";
				PRODUCT_NAME = "$(TARGET_NAME)";
				SWIFT_VERSION = 5.0;
				TARGETED_DEVICE_FAMILY = "1,2";
				TEST_HOST = "$(BUILT_PRODUCTS_DIR)/AppShop.app/AppShop";
			};
			name = Release;
		};
		FAA435BC26A81ED8002C1340 /* Debug */ = {
			isa = XCBuildConfiguration;
			buildSettings = {
				ALWAYS_EMBED_SWIFT_STANDARD_LIBRARIES = YES;
				CODE_SIGN_STYLE = Automatic;
				DEVELOPMENT_TEAM = 39B93ZXWW7;
				INFOPLIST_FILE = AppShopUITests/Info.plist;
				LD_RUNPATH_SEARCH_PATHS = (
					"$(inherited)",
					"@executable_path/Frameworks",
					"@loader_path/Frameworks",
				);
				PRODUCT_BUNDLE_IDENTIFIER = "com.Pavel-Khlebnikov.AppShopUITests";
				PRODUCT_NAME = "$(TARGET_NAME)";
				SWIFT_VERSION = 5.0;
				TARGETED_DEVICE_FAMILY = "1,2";
				TEST_TARGET_NAME = AppShop;
			};
			name = Debug;
		};
		FAA435BD26A81ED8002C1340 /* Release */ = {
			isa = XCBuildConfiguration;
			buildSettings = {
				ALWAYS_EMBED_SWIFT_STANDARD_LIBRARIES = YES;
				CODE_SIGN_STYLE = Automatic;
				DEVELOPMENT_TEAM = 39B93ZXWW7;
				INFOPLIST_FILE = AppShopUITests/Info.plist;
				LD_RUNPATH_SEARCH_PATHS = (
					"$(inherited)",
					"@executable_path/Frameworks",
					"@loader_path/Frameworks",
				);
				PRODUCT_BUNDLE_IDENTIFIER = "com.Pavel-Khlebnikov.AppShopUITests";
				PRODUCT_NAME = "$(TARGET_NAME)";
				SWIFT_VERSION = 5.0;
				TARGETED_DEVICE_FAMILY = "1,2";
				TEST_TARGET_NAME = AppShop;
			};
			name = Release;
		};
/* End XCBuildConfiguration section */

/* Begin XCConfigurationList section */
		FAA4358626A81ED6002C1340 /* Build configuration list for PBXProject "AppShop" */ = {
			isa = XCConfigurationList;
			buildConfigurations = (
				FAA435B326A81ED8002C1340 /* Debug */,
				FAA435B426A81ED8002C1340 /* Release */,
			);
			defaultConfigurationIsVisible = 0;
			defaultConfigurationName = Release;
		};
		FAA435B526A81ED8002C1340 /* Build configuration list for PBXNativeTarget "AppShop" */ = {
			isa = XCConfigurationList;
			buildConfigurations = (
				FAA435B626A81ED8002C1340 /* Debug */,
				FAA435B726A81ED8002C1340 /* Release */,
			);
			defaultConfigurationIsVisible = 0;
			defaultConfigurationName = Release;
		};
		FAA435B826A81ED8002C1340 /* Build configuration list for PBXNativeTarget "AppShopTests" */ = {
			isa = XCConfigurationList;
			buildConfigurations = (
				FAA435B926A81ED8002C1340 /* Debug */,
				FAA435BA26A81ED8002C1340 /* Release */,
			);
			defaultConfigurationIsVisible = 0;
			defaultConfigurationName = Release;
		};
		FAA435BB26A81ED8002C1340 /* Build configuration list for PBXNativeTarget "AppShopUITests" */ = {
			isa = XCConfigurationList;
			buildConfigurations = (
				FAA435BC26A81ED8002C1340 /* Debug */,
				FAA435BD26A81ED8002C1340 /* Release */,
			);
			defaultConfigurationIsVisible = 0;
			defaultConfigurationName = Release;
		};
/* End XCConfigurationList section */

/* Begin XCRemoteSwiftPackageReference section */
		FAEFEDA326AEC22400F6EEBA /* XCRemoteSwiftPackageReference "Alamofire" */ = {
			isa = XCRemoteSwiftPackageReference;
			repositoryURL = "https://github.com/Alamofire/Alamofire.git";
			requirement = {
				kind = upToNextMajorVersion;
				minimumVersion = 5.4.0;
			};
		};
/* End XCRemoteSwiftPackageReference section */

/* Begin XCSwiftPackageProductDependency section */
		FAEFEDA426AEC22400F6EEBA /* Alamofire */ = {
			isa = XCSwiftPackageProductDependency;
			package = FAEFEDA326AEC22400F6EEBA /* XCRemoteSwiftPackageReference "Alamofire" */;
			productName = Alamofire;
		};
/* End XCSwiftPackageProductDependency section */
	};
	rootObject = FAA4358326A81ED6002C1340 /* Project object */;
}
